// !$*UTF8*$!
{
	archiveVersion = 1;
	classes = {
	};
	objectVersion = 56;
	objects = {

/* Begin PBXBuildFile section */
		120D16852AC0B497002A9BD7 /* Entity+CoreDataClass.swift in Sources */ = {isa = PBXBuildFile; fileRef = 120D16832AC0B497002A9BD7 /* Entity+CoreDataClass.swift */; };
		120D16862AC0B497002A9BD7 /* Entity+CoreDataProperties.swift in Sources */ = {isa = PBXBuildFile; fileRef = 120D16842AC0B497002A9BD7 /* Entity+CoreDataProperties.swift */; };
		1242CD132AC03C4E00E63E56 /* Model.xcdatamodeld in Sources */ = {isa = PBXBuildFile; fileRef = 1242CD112AC03C4E00E63E56 /* Model.xcdatamodeld */; };
		12A5D23D2ABF6C07000A8A54 /* PokemonApp.swift in Sources */ = {isa = PBXBuildFile; fileRef = 12A5D23C2ABF6C07000A8A54 /* PokemonApp.swift */; };
		12A5D2412ABF6C08000A8A54 /* Assets.xcassets in Resources */ = {isa = PBXBuildFile; fileRef = 12A5D2402ABF6C08000A8A54 /* Assets.xcassets */; };
		12A5D2442ABF6C08000A8A54 /* Preview Assets.xcassets in Resources */ = {isa = PBXBuildFile; fileRef = 12A5D2432ABF6C08000A8A54 /* Preview Assets.xcassets */; };
		12A5D2462ABF6C08000A8A54 /* Persistence.swift in Sources */ = {isa = PBXBuildFile; fileRef = 12A5D2452ABF6C08000A8A54 /* Persistence.swift */; };
		12A5D2532ABF6C09000A8A54 /* PokemonTests.swift in Sources */ = {isa = PBXBuildFile; fileRef = 12A5D2522ABF6C09000A8A54 /* PokemonTests.swift */; };
		12A5D25D2ABF6C09000A8A54 /* PokemonUITests.swift in Sources */ = {isa = PBXBuildFile; fileRef = 12A5D25C2ABF6C09000A8A54 /* PokemonUITests.swift */; };
		12A5D25F2ABF6C09000A8A54 /* PokemonUITestsLaunchTests.swift in Sources */ = {isa = PBXBuildFile; fileRef = 12A5D25E2ABF6C09000A8A54 /* PokemonUITestsLaunchTests.swift */; };
		12A5D26D2ABF6C2E000A8A54 /* PokemonListView.swift in Sources */ = {isa = PBXBuildFile; fileRef = 12A5D26C2ABF6C2E000A8A54 /* PokemonListView.swift */; };
		12A5D26F2ABF6C52000A8A54 /* PokemonDetailView.swift in Sources */ = {isa = PBXBuildFile; fileRef = 12A5D26E2ABF6C52000A8A54 /* PokemonDetailView.swift */; };
		12A5D2722ABF6D4A000A8A54 /* Pokemon.swift in Sources */ = {isa = PBXBuildFile; fileRef = 12A5D2712ABF6D4A000A8A54 /* Pokemon.swift */; };
		12A5D2742ABF6D69000A8A54 /* PokemonList.swift in Sources */ = {isa = PBXBuildFile; fileRef = 12A5D2732ABF6D69000A8A54 /* PokemonList.swift */; };
		12A5D2762ABF6D82000A8A54 /* PokemonAPI.swift in Sources */ = {isa = PBXBuildFile; fileRef = 12A5D2752ABF6D82000A8A54 /* PokemonAPI.swift */; };
		12A5D2782ABF6E14000A8A54 /* DataManager.swift in Sources */ = {isa = PBXBuildFile; fileRef = 12A5D2772ABF6E14000A8A54 /* DataManager.swift */; };
		12A5D27A2ABF75F3000A8A54 /* PokemonDetails.swift in Sources */ = {isa = PBXBuildFile; fileRef = 12A5D2792ABF75F3000A8A54 /* PokemonDetails.swift */; };
/* End PBXBuildFile section */

/* Begin PBXContainerItemProxy section */
		12A5D24F2ABF6C09000A8A54 /* PBXContainerItemProxy */ = {
			isa = PBXContainerItemProxy;
			containerPortal = 12A5D2312ABF6C07000A8A54 /* Project object */;
			proxyType = 1;
			remoteGlobalIDString = 12A5D2382ABF6C07000A8A54;
			remoteInfo = Pokemon;
		};
		12A5D2592ABF6C09000A8A54 /* PBXContainerItemProxy */ = {
			isa = PBXContainerItemProxy;
			containerPortal = 12A5D2312ABF6C07000A8A54 /* Project object */;
			proxyType = 1;
			remoteGlobalIDString = 12A5D2382ABF6C07000A8A54;
			remoteInfo = Pokemon;
		};
/* End PBXContainerItemProxy section */

/* Begin PBXFileReference section */
		120D16832AC0B497002A9BD7 /* Entity+CoreDataClass.swift */ = {isa = PBXFileReference; lastKnownFileType = sourcecode.swift; path = "Entity+CoreDataClass.swift"; sourceTree = "<group>"; };
		120D16842AC0B497002A9BD7 /* Entity+CoreDataProperties.swift */ = {isa = PBXFileReference; lastKnownFileType = sourcecode.swift; path = "Entity+CoreDataProperties.swift"; sourceTree = "<group>"; };
		1242CD122AC03C4E00E63E56 /* Model.xcdatamodel */ = {isa = PBXFileReference; lastKnownFileType = wrapper.xcdatamodel; path = Model.xcdatamodel; sourceTree = "<group>"; };
		12A5D2392ABF6C07000A8A54 /* Pokemon.app */ = {isa = PBXFileReference; explicitFileType = wrapper.application; includeInIndex = 0; path = Pokemon.app; sourceTree = BUILT_PRODUCTS_DIR; };
		12A5D23C2ABF6C07000A8A54 /* PokemonApp.swift */ = {isa = PBXFileReference; lastKnownFileType = sourcecode.swift; path = PokemonApp.swift; sourceTree = "<group>"; };
		12A5D2402ABF6C08000A8A54 /* Assets.xcassets */ = {isa = PBXFileReference; lastKnownFileType = folder.assetcatalog; path = Assets.xcassets; sourceTree = "<group>"; };
		12A5D2432ABF6C08000A8A54 /* Preview Assets.xcassets */ = {isa = PBXFileReference; lastKnownFileType = folder.assetcatalog; path = "Preview Assets.xcassets"; sourceTree = "<group>"; };
		12A5D2452ABF6C08000A8A54 /* Persistence.swift */ = {isa = PBXFileReference; lastKnownFileType = sourcecode.swift; path = Persistence.swift; sourceTree = "<group>"; };
		12A5D24E2ABF6C09000A8A54 /* PokemonTests.xctest */ = {isa = PBXFileReference; explicitFileType = wrapper.cfbundle; includeInIndex = 0; path = PokemonTests.xctest; sourceTree = BUILT_PRODUCTS_DIR; };
		12A5D2522ABF6C09000A8A54 /* PokemonTests.swift */ = {isa = PBXFileReference; lastKnownFileType = sourcecode.swift; path = PokemonTests.swift; sourceTree = "<group>"; };
		12A5D2582ABF6C09000A8A54 /* PokemonUITests.xctest */ = {isa = PBXFileReference; explicitFileType = wrapper.cfbundle; includeInIndex = 0; path = PokemonUITests.xctest; sourceTree = BUILT_PRODUCTS_DIR; };
		12A5D25C2ABF6C09000A8A54 /* PokemonUITests.swift */ = {isa = PBXFileReference; lastKnownFileType = sourcecode.swift; path = PokemonUITests.swift; sourceTree = "<group>"; };
		12A5D25E2ABF6C09000A8A54 /* PokemonUITestsLaunchTests.swift */ = {isa = PBXFileReference; lastKnownFileType = sourcecode.swift; path = PokemonUITestsLaunchTests.swift; sourceTree = "<group>"; };
		12A5D26C2ABF6C2E000A8A54 /* PokemonListView.swift */ = {isa = PBXFileReference; lastKnownFileType = sourcecode.swift; path = PokemonListView.swift; sourceTree = "<group>"; };
		12A5D26E2ABF6C52000A8A54 /* PokemonDetailView.swift */ = {isa = PBXFileReference; lastKnownFileType = sourcecode.swift; path = PokemonDetailView.swift; sourceTree = "<group>"; };
		12A5D2712ABF6D4A000A8A54 /* Pokemon.swift */ = {isa = PBXFileReference; lastKnownFileType = sourcecode.swift; path = Pokemon.swift; sourceTree = "<group>"; };
		12A5D2732ABF6D69000A8A54 /* PokemonList.swift */ = {isa = PBXFileReference; lastKnownFileType = sourcecode.swift; path = PokemonList.swift; sourceTree = "<group>"; };
		12A5D2752ABF6D82000A8A54 /* PokemonAPI.swift */ = {isa = PBXFileReference; lastKnownFileType = sourcecode.swift; path = PokemonAPI.swift; sourceTree = "<group>"; };
		12A5D2772ABF6E14000A8A54 /* DataManager.swift */ = {isa = PBXFileReference; lastKnownFileType = sourcecode.swift; path = DataManager.swift; sourceTree = "<group>"; };
		12A5D2792ABF75F3000A8A54 /* PokemonDetails.swift */ = {isa = PBXFileReference; lastKnownFileType = sourcecode.swift; path = PokemonDetails.swift; sourceTree = "<group>"; };
/* End PBXFileReference section */

/* Begin PBXFrameworksBuildPhase section */
		12A5D2362ABF6C07000A8A54 /* Frameworks */ = {
			isa = PBXFrameworksBuildPhase;
			buildActionMask = 2147483647;
			files = (
			);
			runOnlyForDeploymentPostprocessing = 0;
		};
		12A5D24B2ABF6C09000A8A54 /* Frameworks */ = {
			isa = PBXFrameworksBuildPhase;
			buildActionMask = 2147483647;
			files = (
			);
			runOnlyForDeploymentPostprocessing = 0;
		};
		12A5D2552ABF6C09000A8A54 /* Frameworks */ = {
			isa = PBXFrameworksBuildPhase;
			buildActionMask = 2147483647;
			files = (
			);
			runOnlyForDeploymentPostprocessing = 0;
		};
/* End PBXFrameworksBuildPhase section */

/* Begin PBXGroup section */
		12A5D2302ABF6C07000A8A54 = {
			isa = PBXGroup;
			children = (
				120D16832AC0B497002A9BD7 /* Entity+CoreDataClass.swift */,
				120D16842AC0B497002A9BD7 /* Entity+CoreDataProperties.swift */,
				12A5D23B2ABF6C07000A8A54 /* Pokemon */,
				12A5D2512ABF6C09000A8A54 /* PokemonTests */,
				12A5D25B2ABF6C09000A8A54 /* PokemonUITests */,
				12A5D23A2ABF6C07000A8A54 /* Products */,
			);
			sourceTree = "<group>";
		};
		12A5D23A2ABF6C07000A8A54 /* Products */ = {
			isa = PBXGroup;
			children = (
				12A5D2392ABF6C07000A8A54 /* Pokemon.app */,
				12A5D24E2ABF6C09000A8A54 /* PokemonTests.xctest */,
				12A5D2582ABF6C09000A8A54 /* PokemonUITests.xctest */,
			);
			name = Products;
			sourceTree = "<group>";
		};
		12A5D23B2ABF6C07000A8A54 /* Pokemon */ = {
			isa = PBXGroup;
			children = (
				1242CD112AC03C4E00E63E56 /* Model.xcdatamodeld */,
				12A5D23C2ABF6C07000A8A54 /* PokemonApp.swift */,
				12A5D2732ABF6D69000A8A54 /* PokemonList.swift */,
				12A5D2752ABF6D82000A8A54 /* PokemonAPI.swift */,
				12A5D2712ABF6D4A000A8A54 /* Pokemon.swift */,
				12A5D26E2ABF6C52000A8A54 /* PokemonDetailView.swift */,
				12A5D26C2ABF6C2E000A8A54 /* PokemonListView.swift */,
				12A5D2402ABF6C08000A8A54 /* Assets.xcassets */,
				12A5D2452ABF6C08000A8A54 /* Persistence.swift */,
				12A5D2422ABF6C08000A8A54 /* Preview Content */,
				12A5D2772ABF6E14000A8A54 /* DataManager.swift */,
				12A5D2792ABF75F3000A8A54 /* PokemonDetails.swift */,
			);
			path = Pokemon;
			sourceTree = "<group>";
		};
		12A5D2422ABF6C08000A8A54 /* Preview Content */ = {
			isa = PBXGroup;
			children = (
				12A5D2432ABF6C08000A8A54 /* Preview Assets.xcassets */,
			);
			path = "Preview Content";
			sourceTree = "<group>";
		};
		12A5D2512ABF6C09000A8A54 /* PokemonTests */ = {
			isa = PBXGroup;
			children = (
				12A5D2522ABF6C09000A8A54 /* PokemonTests.swift */,
			);
			path = PokemonTests;
			sourceTree = "<group>";
		};
		12A5D25B2ABF6C09000A8A54 /* PokemonUITests */ = {
			isa = PBXGroup;
			children = (
				12A5D25C2ABF6C09000A8A54 /* PokemonUITests.swift */,
				12A5D25E2ABF6C09000A8A54 /* PokemonUITestsLaunchTests.swift */,
			);
			path = PokemonUITests;
			sourceTree = "<group>";
		};
/* End PBXGroup section */

/* Begin PBXNativeTarget section */
		12A5D2382ABF6C07000A8A54 /* Pokemon */ = {
			isa = PBXNativeTarget;
			buildConfigurationList = 12A5D2622ABF6C09000A8A54 /* Build configuration list for PBXNativeTarget "Pokemon" */;
			buildPhases = (
				12A5D2352ABF6C07000A8A54 /* Sources */,
				12A5D2362ABF6C07000A8A54 /* Frameworks */,
				12A5D2372ABF6C07000A8A54 /* Resources */,
			);
			buildRules = (
			);
			dependencies = (
			);
			name = Pokemon;
			productName = Pokemon;
			productReference = 12A5D2392ABF6C07000A8A54 /* Pokemon.app */;
			productType = "com.apple.product-type.application";
		};
		12A5D24D2ABF6C09000A8A54 /* PokemonTests */ = {
			isa = PBXNativeTarget;
			buildConfigurationList = 12A5D2652ABF6C09000A8A54 /* Build configuration list for PBXNativeTarget "PokemonTests" */;
			buildPhases = (
				12A5D24A2ABF6C09000A8A54 /* Sources */,
				12A5D24B2ABF6C09000A8A54 /* Frameworks */,
				12A5D24C2ABF6C09000A8A54 /* Resources */,
			);
			buildRules = (
			);
			dependencies = (
				12A5D2502ABF6C09000A8A54 /* PBXTargetDependency */,
			);
			name = PokemonTests;
			productName = PokemonTests;
			productReference = 12A5D24E2ABF6C09000A8A54 /* PokemonTests.xctest */;
			productType = "com.apple.product-type.bundle.unit-test";
		};
		12A5D2572ABF6C09000A8A54 /* PokemonUITests */ = {
			isa = PBXNativeTarget;
			buildConfigurationList = 12A5D2682ABF6C09000A8A54 /* Build configuration list for PBXNativeTarget "PokemonUITests" */;
			buildPhases = (
				12A5D2542ABF6C09000A8A54 /* Sources */,
				12A5D2552ABF6C09000A8A54 /* Frameworks */,
				12A5D2562ABF6C09000A8A54 /* Resources */,
			);
			buildRules = (
			);
			dependencies = (
				12A5D25A2ABF6C09000A8A54 /* PBXTargetDependency */,
			);
			name = PokemonUITests;
			productName = PokemonUITests;
			productReference = 12A5D2582ABF6C09000A8A54 /* PokemonUITests.xctest */;
			productType = "com.apple.product-type.bundle.ui-testing";
		};
/* End PBXNativeTarget section */

/* Begin PBXProject section */
		12A5D2312ABF6C07000A8A54 /* Project object */ = {
			isa = PBXProject;
			attributes = {
				BuildIndependentTargetsInParallel = 1;
				LastSwiftUpdateCheck = 1420;
				LastUpgradeCheck = 1420;
				TargetAttributes = {
					12A5D2382ABF6C07000A8A54 = {
						CreatedOnToolsVersion = 14.2;
					};
					12A5D24D2ABF6C09000A8A54 = {
						CreatedOnToolsVersion = 14.2;
						TestTargetID = 12A5D2382ABF6C07000A8A54;
					};
					12A5D2572ABF6C09000A8A54 = {
						CreatedOnToolsVersion = 14.2;
						TestTargetID = 12A5D2382ABF6C07000A8A54;
					};
				};
			};
			buildConfigurationList = 12A5D2342ABF6C07000A8A54 /* Build configuration list for PBXProject "Pokemon" */;
			compatibilityVersion = "Xcode 14.0";
			developmentRegion = en;
			hasScannedForEncodings = 0;
			knownRegions = (
				en,
				Base,
			);
			mainGroup = 12A5D2302ABF6C07000A8A54;
			productRefGroup = 12A5D23A2ABF6C07000A8A54 /* Products */;
			projectDirPath = "";
			projectRoot = "";
			targets = (
				12A5D2382ABF6C07000A8A54 /* Pokemon */,
				12A5D24D2ABF6C09000A8A54 /* PokemonTests */,
				12A5D2572ABF6C09000A8A54 /* PokemonUITests */,
			);
		};
/* End PBXProject section */

/* Begin PBXResourcesBuildPhase section */
		12A5D2372ABF6C07000A8A54 /* Resources */ = {
			isa = PBXResourcesBuildPhase;
			buildActionMask = 2147483647;
			files = (
				12A5D2442ABF6C08000A8A54 /* Preview Assets.xcassets in Resources */,
				12A5D2412ABF6C08000A8A54 /* Assets.xcassets in Resources */,
			);
			runOnlyForDeploymentPostprocessing = 0;
		};
		12A5D24C2ABF6C09000A8A54 /* Resources */ = {
			isa = PBXResourcesBuildPhase;
			buildActionMask = 2147483647;
			files = (
			);
			runOnlyForDeploymentPostprocessing = 0;
		};
		12A5D2562ABF6C09000A8A54 /* Resources */ = {
			isa = PBXResourcesBuildPhase;
			buildActionMask = 2147483647;
			files = (
			);
			runOnlyForDeploymentPostprocessing = 0;
		};
/* End PBXResourcesBuildPhase section */

/* Begin PBXSourcesBuildPhase section */
		12A5D2352ABF6C07000A8A54 /* Sources */ = {
			isa = PBXSourcesBuildPhase;
			buildActionMask = 2147483647;
			files = (
				12A5D2722ABF6D4A000A8A54 /* Pokemon.swift in Sources */,
				12A5D2782ABF6E14000A8A54 /* DataManager.swift in Sources */,
				12A5D2742ABF6D69000A8A54 /* PokemonList.swift in Sources */,
				12A5D26D2ABF6C2E000A8A54 /* PokemonListView.swift in Sources */,
				12A5D27A2ABF75F3000A8A54 /* PokemonDetails.swift in Sources */,
				12A5D2462ABF6C08000A8A54 /* Persistence.swift in Sources */,
				120D16862AC0B497002A9BD7 /* Entity+CoreDataProperties.swift in Sources */,
				12A5D2762ABF6D82000A8A54 /* PokemonAPI.swift in Sources */,
				1242CD132AC03C4E00E63E56 /* Model.xcdatamodeld in Sources */,
				12A5D23D2ABF6C07000A8A54 /* PokemonApp.swift in Sources */,
				120D16852AC0B497002A9BD7 /* Entity+CoreDataClass.swift in Sources */,
				12A5D26F2ABF6C52000A8A54 /* PokemonDetailView.swift in Sources */,
			);
			runOnlyForDeploymentPostprocessing = 0;
		};
		12A5D24A2ABF6C09000A8A54 /* Sources */ = {
			isa = PBXSourcesBuildPhase;
			buildActionMask = 2147483647;
			files = (
				12A5D2532ABF6C09000A8A54 /* PokemonTests.swift in Sources */,
			);
			runOnlyForDeploymentPostprocessing = 0;
		};
		12A5D2542ABF6C09000A8A54 /* Sources */ = {
			isa = PBXSourcesBuildPhase;
			buildActionMask = 2147483647;
			files = (
				12A5D25F2ABF6C09000A8A54 /* PokemonUITestsLaunchTests.swift in Sources */,
				12A5D25D2ABF6C09000A8A54 /* PokemonUITests.swift in Sources */,
			);
			runOnlyForDeploymentPostprocessing = 0;
		};
/* End PBXSourcesBuildPhase section */

/* Begin PBXTargetDependency section */
		12A5D2502ABF6C09000A8A54 /* PBXTargetDependency */ = {
			isa = PBXTargetDependency;
			target = 12A5D2382ABF6C07000A8A54 /* Pokemon */;
			targetProxy = 12A5D24F2ABF6C09000A8A54 /* PBXContainerItemProxy */;
		};
		12A5D25A2ABF6C09000A8A54 /* PBXTargetDependency */ = {
			isa = PBXTargetDependency;
			target = 12A5D2382ABF6C07000A8A54 /* Pokemon */;
			targetProxy = 12A5D2592ABF6C09000A8A54 /* PBXContainerItemProxy */;
		};
/* End PBXTargetDependency section */

/* Begin XCBuildConfiguration section */
		12A5D2602ABF6C09000A8A54 /* Debug */ = {
			isa = XCBuildConfiguration;
			buildSettings = {
				ALWAYS_SEARCH_USER_PATHS = NO;
				CLANG_ANALYZER_NONNULL = YES;
				CLANG_ANALYZER_NUMBER_OBJECT_CONVERSION = YES_AGGRESSIVE;
				CLANG_CXX_LANGUAGE_STANDARD = "gnu++20";
				CLANG_ENABLE_MODULES = YES;
				CLANG_ENABLE_OBJC_ARC = YES;
				CLANG_ENABLE_OBJC_WEAK = YES;
				CLANG_WARN_BLOCK_CAPTURE_AUTORELEASING = YES;
				CLANG_WARN_BOOL_CONVERSION = YES;
				CLANG_WARN_COMMA = YES;
				CLANG_WARN_CONSTANT_CONVERSION = YES;
				CLANG_WARN_DEPRECATED_OBJC_IMPLEMENTATIONS = YES;
				CLANG_WARN_DIRECT_OBJC_ISA_USAGE = YES_ERROR;
				CLANG_WARN_DOCUMENTATION_COMMENTS = YES;
				CLANG_WARN_EMPTY_BODY = YES;
				CLANG_WARN_ENUM_CONVERSION = YES;
				CLANG_WARN_INFINITE_RECURSION = YES;
				CLANG_WARN_INT_CONVERSION = YES;
				CLANG_WARN_NON_LITERAL_NULL_CONVERSION = YES;
				CLANG_WARN_OBJC_IMPLICIT_RETAIN_SELF = YES;
				CLANG_WARN_OBJC_LITERAL_CONVERSION = YES;
				CLANG_WARN_OBJC_ROOT_CLASS = YES_ERROR;
				CLANG_WARN_QUOTED_INCLUDE_IN_FRAMEWORK_HEADER = YES;
				CLANG_WARN_RANGE_LOOP_ANALYSIS = YES;
				CLANG_WARN_STRICT_PROTOTYPES = YES;
				CLANG_WARN_SUSPICIOUS_MOVE = YES;
				CLANG_WARN_UNGUARDED_AVAILABILITY = YES_AGGRESSIVE;
				CLANG_WARN_UNREACHABLE_CODE = YES;
				CLANG_WARN__DUPLICATE_METHOD_MATCH = YES;
				COPY_PHASE_STRIP = NO;
				DEBUG_INFORMATION_FORMAT = dwarf;
				ENABLE_STRICT_OBJC_MSGSEND = YES;
				ENABLE_TESTABILITY = YES;
				GCC_C_LANGUAGE_STANDARD = gnu11;
				GCC_DYNAMIC_NO_PIC = NO;
				GCC_NO_COMMON_BLOCKS = YES;
				GCC_OPTIMIZATION_LEVEL = 0;
				GCC_PREPROCESSOR_DEFINITIONS = (
					"DEBUG=1",
					"$(inherited)",
				);
				GCC_WARN_64_TO_32_BIT_CONVERSION = YES;
				GCC_WARN_ABOUT_RETURN_TYPE = YES_ERROR;
				GCC_WARN_UNDECLARED_SELECTOR = YES;
				GCC_WARN_UNINITIALIZED_AUTOS = YES_AGGRESSIVE;
				GCC_WARN_UNUSED_FUNCTION = YES;
				GCC_WARN_UNUSED_VARIABLE = YES;
				IPHONEOS_DEPLOYMENT_TARGET = 16.2;
				MTL_ENABLE_DEBUG_INFO = INCLUDE_SOURCE;
				MTL_FAST_MATH = YES;
				ONLY_ACTIVE_ARCH = YES;
				SDKROOT = iphoneos;
				SWIFT_ACTIVE_COMPILATION_CONDITIONS = DEBUG;
				SWIFT_OPTIMIZATION_LEVEL = "-Onone";
			};
			name = Debug;
		};
		12A5D2612ABF6C09000A8A54 /* Release */ = {
			isa = XCBuildConfiguration;
			buildSettings = {
				ALWAYS_SEARCH_USER_PATHS = NO;
				CLANG_ANALYZER_NONNULL = YES;
				CLANG_ANALYZER_NUMBER_OBJECT_CONVERSION = YES_AGGRESSIVE;
				CLANG_CXX_LANGUAGE_STANDARD = "gnu++20";
				CLANG_ENABLE_MODULES = YES;
				CLANG_ENABLE_OBJC_ARC = YES;
				CLANG_ENABLE_OBJC_WEAK = YES;
				CLANG_WARN_BLOCK_CAPTURE_AUTORELEASING = YES;
				CLANG_WARN_BOOL_CONVERSION = YES;
				CLANG_WARN_COMMA = YES;
				CLANG_WARN_CONSTANT_CONVERSION = YES;
				CLANG_WARN_DEPRECATED_OBJC_IMPLEMENTATIONS = YES;
				CLANG_WARN_DIRECT_OBJC_ISA_USAGE = YES_ERROR;
				CLANG_WARN_DOCUMENTATION_COMMENTS = YES;
				CLANG_WARN_EMPTY_BODY = YES;
				CLANG_WARN_ENUM_CONVERSION = YES;
				CLANG_WARN_INFINITE_RECURSION = YES;
				CLANG_WARN_INT_CONVERSION = YES;
				CLANG_WARN_NON_LITERAL_NULL_CONVERSION = YES;
				CLANG_WARN_OBJC_IMPLICIT_RETAIN_SELF = YES;
				CLANG_WARN_OBJC_LITERAL_CONVERSION = YES;
				CLANG_WARN_OBJC_ROOT_CLASS = YES_ERROR;
				CLANG_WARN_QUOTED_INCLUDE_IN_FRAMEWORK_HEADER = YES;
				CLANG_WARN_RANGE_LOOP_ANALYSIS = YES;
				CLANG_WARN_STRICT_PROTOTYPES = YES;
				CLANG_WARN_SUSPICIOUS_MOVE = YES;
				CLANG_WARN_UNGUARDED_AVAILABILITY = YES_AGGRESSIVE;
				CLANG_WARN_UNREACHABLE_CODE = YES;
				CLANG_WARN__DUPLICATE_METHOD_MATCH = YES;
				COPY_PHASE_STRIP = NO;
				DEBUG_INFORMATION_FORMAT = "dwarf-with-dsym";
				ENABLE_NS_ASSERTIONS = NO;
				ENABLE_STRICT_OBJC_MSGSEND = YES;
				GCC_C_LANGUAGE_STANDARD = gnu11;
				GCC_NO_COMMON_BLOCKS = YES;
				GCC_WARN_64_TO_32_BIT_CONVERSION = YES;
				GCC_WARN_ABOUT_RETURN_TYPE = YES_ERROR;
				GCC_WARN_UNDECLARED_SELECTOR = YES;
				GCC_WARN_UNINITIALIZED_AUTOS = YES_AGGRESSIVE;
				GCC_WARN_UNUSED_FUNCTION = YES;
				GCC_WARN_UNUSED_VARIABLE = YES;
				IPHONEOS_DEPLOYMENT_TARGET = 16.2;
				MTL_ENABLE_DEBUG_INFO = NO;
				MTL_FAST_MATH = YES;
				SDKROOT = iphoneos;
				SWIFT_COMPILATION_MODE = wholemodule;
				SWIFT_OPTIMIZATION_LEVEL = "-O";
				VALIDATE_PRODUCT = YES;
			};
			name = Release;
		};
		12A5D2632ABF6C09000A8A54 /* Debug */ = {
			isa = XCBuildConfiguration;
			buildSettings = {
				ASSETCATALOG_COMPILER_APPICON_NAME = AppIcon;
				ASSETCATALOG_COMPILER_GLOBAL_ACCENT_COLOR_NAME = AccentColor;
				CODE_SIGN_STYLE = Automatic;
				CURRENT_PROJECT_VERSION = 1;
				DEVELOPMENT_ASSET_PATHS = "\"Pokemon/Preview Content\"";
				DEVELOPMENT_TEAM = X59M6S7MBY;
				ENABLE_PREVIEWS = YES;
				GENERATE_INFOPLIST_FILE = YES;
				INFOPLIST_KEY_UIApplicationSceneManifest_Generation = YES;
				INFOPLIST_KEY_UIApplicationSupportsIndirectInputEvents = YES;
				INFOPLIST_KEY_UILaunchScreen_Generation = YES;
				INFOPLIST_KEY_UISupportedInterfaceOrientations_iPad = "UIInterfaceOrientationPortrait UIInterfaceOrientationPortraitUpsideDown UIInterfaceOrientationLandscapeLeft UIInterfaceOrientationLandscapeRight";
				INFOPLIST_KEY_UISupportedInterfaceOrientations_iPhone = "UIInterfaceOrientationPortrait UIInterfaceOrientationLandscapeLeft UIInterfaceOrientationLandscapeRight";
				LD_RUNPATH_SEARCH_PATHS = (
					"$(inherited)",
					"@executable_path/Frameworks",
				);
				MARKETING_VERSION = 1.0;
				PRODUCT_BUNDLE_IDENTIFIER = "makflains-prod.Pokemon";
				PRODUCT_NAME = "$(TARGET_NAME)";
				SWIFT_EMIT_LOC_STRINGS = YES;
				SWIFT_VERSION = 5.0;
				TARGETED_DEVICE_FAMILY = "1,2";
			};
			name = Debug;
		};
		12A5D2642ABF6C09000A8A54 /* Release */ = {
			isa = XCBuildConfiguration;
			buildSettings = {
				ASSETCATALOG_COMPILER_APPICON_NAME = AppIcon;
				ASSETCATALOG_COMPILER_GLOBAL_ACCENT_COLOR_NAME = AccentColor;
				CODE_SIGN_STYLE = Automatic;
				CURRENT_PROJECT_VERSION = 1;
				DEVELOPMENT_ASSET_PATHS = "\"Pokemon/Preview Content\"";
				DEVELOPMENT_TEAM = X59M6S7MBY;
				ENABLE_PREVIEWS = YES;
				GENERATE_INFOPLIST_FILE = YES;
				INFOPLIST_KEY_UIApplicationSceneManifest_Generation = YES;
				INFOPLIST_KEY_UIApplicationSupportsIndirectInputEvents = YES;
				INFOPLIST_KEY_UILaunchScreen_Generation = YES;
				INFOPLIST_KEY_UISupportedInterfaceOrientations_iPad = "UIInterfaceOrientationPortrait UIInterfaceOrientationPortraitUpsideDown UIInterfaceOrientationLandscapeLeft UIInterfaceOrientationLandscapeRight";
				INFOPLIST_KEY_UISupportedInterfaceOrientations_iPhone = "UIInterfaceOrientationPortrait UIInterfaceOrientationLandscapeLeft UIInterfaceOrientationLandscapeRight";
				LD_RUNPATH_SEARCH_PATHS = (
					"$(inherited)",
					"@executable_path/Frameworks",
				);
				MARKETING_VERSION = 1.0;
				PRODUCT_BUNDLE_IDENTIFIER = "makflains-prod.Pokemon";
				PRODUCT_NAME = "$(TARGET_NAME)";
				SWIFT_EMIT_LOC_STRINGS = YES;
				SWIFT_VERSION = 5.0;
				TARGETED_DEVICE_FAMILY = "1,2";
			};
			name = Release;
		};
		12A5D2662ABF6C09000A8A54 /* Debug */ = {
			isa = XCBuildConfiguration;
			buildSettings = {
				ALWAYS_EMBED_SWIFT_STANDARD_LIBRARIES = YES;
				BUNDLE_LOADER = "$(TEST_HOST)";
				CODE_SIGN_STYLE = Automatic;
				CURRENT_PROJECT_VERSION = 1;
				DEVELOPMENT_TEAM = X59M6S7MBY;
				GENERATE_INFOPLIST_FILE = YES;
				IPHONEOS_DEPLOYMENT_TARGET = 16.2;
				MARKETING_VERSION = 1.0;
				PRODUCT_BUNDLE_IDENTIFIER = "makflains-prod.PokemonTests";
				PRODUCT_NAME = "$(TARGET_NAME)";
				SWIFT_EMIT_LOC_STRINGS = NO;
				SWIFT_VERSION = 5.0;
				TARGETED_DEVICE_FAMILY = "1,2";
				TEST_HOST = "$(BUILT_PRODUCTS_DIR)/Pokemon.app/$(BUNDLE_EXECUTABLE_FOLDER_PATH)/Pokemon";
			};
			name = Debug;
		};
		12A5D2672ABF6C09000A8A54 /* Release */ = {
			isa = XCBuildConfiguration;
			buildSettings = {
				ALWAYS_EMBED_SWIFT_STANDARD_LIBRARIES = YES;
				BUNDLE_LOADER = "$(TEST_HOST)";
				CODE_SIGN_STYLE = Automatic;
				CURRENT_PROJECT_VERSION = 1;
				DEVELOPMENT_TEAM = X59M6S7MBY;
				GENERATE_INFOPLIST_FILE = YES;
				IPHONEOS_DEPLOYMENT_TARGET = 16.2;
				MARKETING_VERSION = 1.0;
				PRODUCT_BUNDLE_IDENTIFIER = "makflains-prod.PokemonTests";
				PRODUCT_NAME = "$(TARGET_NAME)";
				SWIFT_EMIT_LOC_STRINGS = NO;
				SWIFT_VERSION = 5.0;
				TARGETED_DEVICE_FAMILY = "1,2";
				TEST_HOST = "$(BUILT_PRODUCTS_DIR)/Pokemon.app/$(BUNDLE_EXECUTABLE_FOLDER_PATH)/Pokemon";
			};
			name = Release;
		};
		12A5D2692ABF6C09000A8A54 /* Debug */ = {
			isa = XCBuildConfiguration;
			buildSettings = {
				ALWAYS_EMBED_SWIFT_STANDARD_LIBRARIES = YES;
				CODE_SIGN_STYLE = Automatic;
				CURRENT_PROJECT_VERSION = 1;
				DEVELOPMENT_TEAM = X59M6S7MBY;
				GENERATE_INFOPLIST_FILE = YES;
				MARKETING_VERSION = 1.0;
				PRODUCT_BUNDLE_IDENTIFIER = "makflains-prod.PokemonUITests";
				PRODUCT_NAME = "$(TARGET_NAME)";
				SWIFT_EMIT_LOC_STRINGS = NO;
				SWIFT_VERSION = 5.0;
				TARGETED_DEVICE_FAMILY = "1,2";
				TEST_TARGET_NAME = Pokemon;
			};
			name = Debug;
		};
		12A5D26A2ABF6C09000A8A54 /* Release */ = {
			isa = XCBuildConfiguration;
			buildSettings = {
				ALWAYS_EMBED_SWIFT_STANDARD_LIBRARIES = YES;
				CODE_SIGN_STYLE = Automatic;
				CURRENT_PROJECT_VERSION = 1;
				DEVELOPMENT_TEAM = X59M6S7MBY;
				GENERATE_INFOPLIST_FILE = YES;
				MARKETING_VERSION = 1.0;
				PRODUCT_BUNDLE_IDENTIFIER = "makflains-prod.PokemonUITests";
				PRODUCT_NAME = "$(TARGET_NAME)";
				SWIFT_EMIT_LOC_STRINGS = NO;
				SWIFT_VERSION = 5.0;
				TARGETED_DEVICE_FAMILY = "1,2";
				TEST_TARGET_NAME = Pokemon;
			};
			name = Release;
		};
/* End XCBuildConfiguration section */

/* Begin XCConfigurationList section */
		12A5D2342ABF6C07000A8A54 /* Build configuration list for PBXProject "Pokemon" */ = {
			isa = XCConfigurationList;
			buildConfigurations = (
				12A5D2602ABF6C09000A8A54 /* Debug */,
				12A5D2612ABF6C09000A8A54 /* Release */,
			);
			defaultConfigurationIsVisible = 0;
			defaultConfigurationName = Release;
		};
		12A5D2622ABF6C09000A8A54 /* Build configuration list for PBXNativeTarget "Pokemon" */ = {
			isa = XCConfigurationList;
			buildConfigurations = (
				12A5D2632ABF6C09000A8A54 /* Debug */,
				12A5D2642ABF6C09000A8A54 /* Release */,
			);
			defaultConfigurationIsVisible = 0;
			defaultConfigurationName = Release;
		};
		12A5D2652ABF6C09000A8A54 /* Build configuration list for PBXNativeTarget "PokemonTests" */ = {
			isa = XCConfigurationList;
			buildConfigurations = (
				12A5D2662ABF6C09000A8A54 /* Debug */,
				12A5D2672ABF6C09000A8A54 /* Release */,
			);
			defaultConfigurationIsVisible = 0;
			defaultConfigurationName = Release;
		};
		12A5D2682ABF6C09000A8A54 /* Build configuration list for PBXNativeTarget "PokemonUITests" */ = {
			isa = XCConfigurationList;
			buildConfigurations = (
				12A5D2692ABF6C09000A8A54 /* Debug */,
				12A5D26A2ABF6C09000A8A54 /* Release */,
			);
			defaultConfigurationIsVisible = 0;
			defaultConfigurationName = Release;
		};
/* End XCConfigurationList section */

/* Begin XCVersionGroup section */
		1242CD112AC03C4E00E63E56 /* Model.xcdatamodeld */ = {
			isa = XCVersionGroup;
			children = (
				1242CD122AC03C4E00E63E56 /* Model.xcdatamodel */,
			);
			currentVersion = 1242CD122AC03C4E00E63E56 /* Model.xcdatamodel */;
			path = Model.xcdatamodeld;
			sourceTree = "<group>";
			versionGroupType = wrapper.xcdatamodel;
		};
/* End XCVersionGroup section */
	};
	rootObject = 12A5D2312ABF6C07000A8A54 /* Project object */;
}
